
Microsoft Visual Studio Solution File, Format Version 12.00
# Visual Studio Version 17
VisualStudioVersion = 17.5.002.0
MinimumVisualStudioVersion = 10.0.40219.1
Project("{9A19103F-16F7-4668-BE54-9A1E7A4F7556}") = "1", "1.csproj", "{539CED77-96D0-43D8-AB5D-3197B46987BD}"
EndProject
Global
	GlobalSection(SolutionConfigurationPlatforms) = preSolution
		Debug|Any CPU = Debug|Any CPU
		Release|Any CPU = Release|Any CPU
	EndGlobalSection
	GlobalSection(ProjectConfigurationPlatforms) = postSolution
		{539CED77-96D0-43D8-AB5D-3197B46987BD}.Debug|Any CPU.ActiveCfg = Debug|Any CPU
		{539CED77-96D0-43D8-AB5D-3197B46987BD}.Debug|Any CPU.Build.0 = Debug|Any CPU
		{539CED77-96D0-43D8-AB5D-3197B46987BD}.Release|Any CPU.ActiveCfg = Release|Any CPU
		{539CED77-96D0-43D8-AB5D-3197B46987BD}.Release|Any CPU.Build.0 = Release|Any CPU
	EndGlobalSection
	GlobalSection(SolutionProperties) = preSolution
		HideSolutionNode = FALSE
	EndGlobalSection
	GlobalSection(ExtensibilityGlobals) = postSolution
		SolutionGuid = {4D1D1938-DCA7-4375-AC39-184698BFA070}
	EndGlobalSection
EndGlobal
