
Microsoft Visual Studio Solution File, Format Version 12.00
# Visual Studio Version 17
VisualStudioVersion = 17.5.002.0
MinimumVisualStudioVersion = 10.0.40219.1
Project("{9A19103F-16F7-4668-BE54-9A1E7A4F7556}") = "1", "1.csproj", "{1609BB53-8289-467F-99AC-EBF0A24B066F}"
EndProject
Global
	GlobalSection(SolutionConfigurationPlatforms) = preSolution
		Debug|Any CPU = Debug|Any CPU
		Release|Any CPU = Release|Any CPU
	EndGlobalSection
	GlobalSection(ProjectConfigurationPlatforms) = postSolution
		{1609BB53-8289-467F-99AC-EBF0A24B066F}.Debug|Any CPU.ActiveCfg = Debug|Any CPU
		{1609BB53-8289-467F-99AC-EBF0A24B066F}.Debug|Any CPU.Build.0 = Debug|Any CPU
		{1609BB53-8289-467F-99AC-EBF0A24B066F}.Release|Any CPU.ActiveCfg = Release|Any CPU
		{1609BB53-8289-467F-99AC-EBF0A24B066F}.Release|Any CPU.Build.0 = Release|Any CPU
	EndGlobalSection
	GlobalSection(SolutionProperties) = preSolution
		HideSolutionNode = FALSE
	EndGlobalSection
	GlobalSection(ExtensibilityGlobals) = postSolution
		SolutionGuid = {E5703B64-2953-4671-B559-9FF45FF9A471}
	EndGlobalSection
EndGlobal
